<?xml version="1.0" encoding="utf-8"?>
<Project ToolsVersion="4.0" xmlns="http://schemas.microsoft.com/developer/msbuild/2003">
  <ItemGroup>
    <Filter Include="源文件">
      <UniqueIdentifier>{4FC737F1-C7A5-4376-A066-2A32D752A2FF}</UniqueIdentifier>
      <Extensions>cpp;c;cc;cxx;def;odl;idl;hpj;bat;asm;asmx</Extensions>
    </Filter>
    <Filter Include="头文件">
      <UniqueIdentifier>{93995380-89BD-4b04-88EB-625FBE52EBFB}</UniqueIdentifier>
      <Extensions>h;hh;hpp;hxx;hm;inl;inc;xsd</Extensions>
    </Filter>
    <Filter Include="资源文件">
      <UniqueIdentifier>{67DA6AB6-F800-4c08-8B7A-83BB121AAD01}</UniqueIdentifier>
      <Extensions>rc;ico;cur;bmp;dlg;rc2;rct;bin;rgs;gif;jpg;jpeg;jpe;resx;tiff;tif;png;wav;mfcribbon-ms</Extensions>
    </Filter>
    <Filter Include="源文件\cJSON">
      <UniqueIdentifier>{11416d2c-313c-4dbb-a4b6-40376e3cdb05}</UniqueIdentifier>
    </Filter>
    <Filter Include="源文件\Bridge">
      <UniqueIdentifier>{40862330-7624-4861-a941-9116ba2d83fb}</UniqueIdentifier>
    </Filter>
    <Filter Include="源文件\Dlg">
      <UniqueIdentifier>{185d98fd-8d53-4371-8778-ef932100e7b5}</UniqueIdentifier>
    </Filter>
    <Filter Include="源文件\Utils">
      <UniqueIdentifier>{f81d8855-69c8-4c28-9f43-4e85a68d3c5c}</UniqueIdentifier>
    </Filter>
  </ItemGroup>
  <ItemGroup>
    <Text Include="ReadMe.txt" />
  </ItemGroup>
  <ItemGroup>
    <ClInclude Include="X.h">
      <Filter>头文件</Filter>
    </ClInclude>
    <ClInclude Include="stdafx.h">
      <Filter>头文件</Filter>
    </ClInclude>
    <ClInclude Include="targetver.h">
      <Filter>头文件</Filter>
    </ClInclude>
    <ClInclude Include="MainFrm.h">
      <Filter>头文件</Filter>
    </ClInclude>
    <ClInclude Include="ChildView.h">
      <Filter>头文件</Filter>
    </ClInclude>
    <ClInclude Include="Resource.h">
      <Filter>头文件</Filter>
    </ClInclude>
    <ClInclude Include="TrueColorToolBar.h">
      <Filter>头文件</Filter>
    </ClInclude>
    <ClInclude Include="PeInfoPane.h">
      <Filter>头文件</Filter>
    </ClInclude>
    <ClInclude Include="MyListCtrl.h">
      <Filter>头文件</Filter>
    </ClInclude>
    <ClInclude Include="MyHeaderCtrl.h">
      <Filter>头文件</Filter>
    </ClInclude>
    <ClInclude Include="MSMLinksBarButton.h">
      <Filter>头文件</Filter>
    </ClInclude>
    <ClInclude Include="AbstractTableView.h">
      <Filter>头文件</Filter>
    </ClInclude>
    <ClInclude Include="Imports.h">
      <Filter>头文件</Filter>
    </ClInclude>
    <ClInclude Include="Exports.h">
      <Filter>头文件</Filter>
    </ClInclude>
    <ClInclude Include="SettingsX.h">
      <Filter>头文件</Filter>
    </ClInclude>
    <ClInclude Include="Disassembly.h">
      <Filter>头文件</Filter>
    </ClInclude>
    <ClInclude Include="Utils\RichTextPainter.h">
      <Filter>头文件</Filter>
    </ClInclude>
    <ClInclude Include="Utils\Configuration.h">
      <Filter>头文件</Filter>
    </ClInclude>
    <ClInclude Include="Disassembler\capstone_gui.h">
      <Filter>头文件</Filter>
    </ClInclude>
    <ClInclude Include="Disassembler\QBeaEngine.h">
      <Filter>头文件</Filter>
    </ClInclude>
    <ClInclude Include="Memory\MemoryPage.h">
      <Filter>头文件</Filter>
    </ClInclude>
    <ClInclude Include="Utils\StringUtil.h">
      <Filter>头文件</Filter>
    </ClInclude>
    <ClInclude Include="Utils\CodeFolding.h">
      <Filter>头文件</Filter>
    </ClInclude>
    <ClInclude Include="Utils\EncodeMap.h">
      <Filter>头文件</Filter>
    </ClInclude>
    <ClInclude Include="CPUSideBar.h">
      <Filter>头文件</Filter>
    </ClInclude>
    <ClInclude Include="OutputBox.h">
      <Filter>头文件</Filter>
    </ClInclude>
    <ClInclude Include="MyByteArray.h">
      <Filter>头文件</Filter>
    </ClInclude>
    <ClInclude Include="Breakpoints.h">
      <Filter>头文件</Filter>
    </ClInclude>
    <ClInclude Include="DisasmPane.h">
      <Filter>头文件</Filter>
    </ClInclude>
    <ClInclude Include="MyStatuBar.h">
      <Filter>头文件</Filter>
    </ClInclude>
    <ClInclude Include="MyToolBar.h">
      <Filter>头文件</Filter>
    </ClInclude>
    <ClInclude Include="LogPane.h">
      <Filter>头文件</Filter>
    </ClInclude>
    <ClInclude Include="MemoryPane.h">
      <Filter>头文件</Filter>
    </ClInclude>
    <ClInclude Include="HexDump.h">
      <Filter>头文件</Filter>
    </ClInclude>
    <ClInclude Include="CPUDump.h">
      <Filter>头文件</Filter>
    </ClInclude>
    <ClInclude Include="CPUStack.h">
      <Filter>头文件</Filter>
    </ClInclude>
    <ClInclude Include="CPUStackPane.h">
      <Filter>头文件</Filter>
    </ClInclude>
    <ClInclude Include="RegistersPane.h">
      <Filter>头文件</Filter>
    </ClInclude>
    <ClInclude Include="RegistersView.h">
      <Filter>头文件</Filter>
    </ClInclude>
    <ClInclude Include="WordEditDlg.h">
      <Filter>头文件</Filter>
    </ClInclude>
    <ClInclude Include="DebugThreadClose.h">
      <Filter>头文件</Filter>
    </ClInclude>
    <ClInclude Include="LineEditDlg.h">
      <Filter>头文件</Filter>
    </ClInclude>
    <ClInclude Include="MyRecentFileList.h">
      <Filter>头文件</Filter>
    </ClInclude>
    <ClInclude Include="BreakPointsManagePane.h">
      <Filter>头文件</Filter>
    </ClInclude>
    <ClInclude Include="BreakPointsManage.h">
      <Filter>头文件</Filter>
    </ClInclude>
    <ClInclude Include="AbstractStdTable.h">
      <Filter>头文件</Filter>
    </ClInclude>
    <ClInclude Include="StdTable.h">
      <Filter>头文件</Filter>
    </ClInclude>
    <ClInclude Include="OptionDlg.h">
      <Filter>头文件</Filter>
    </ClInclude>
    <ClInclude Include="InstructTrace.h">
      <Filter>头文件</Filter>
    </ClInclude>
    <ClInclude Include="InstructTracePane.h">
      <Filter>头文件</Filter>
    </ClInclude>
    <ClInclude Include="TraceFileReader.h">
      <Filter>头文件</Filter>
    </ClInclude>
    <ClInclude Include="TraceFileReaderInternal.h">
      <Filter>头文件</Filter>
    </ClInclude>
    <ClInclude Include="cJSON\cJSON.h">
      <Filter>源文件\cJSON</Filter>
    </ClInclude>
    <ClInclude Include="InstructTraceBrowserDlg.h">
      <Filter>头文件</Filter>
    </ClInclude>
    <ClInclude Include="AddMsgThread.h">
      <Filter>头文件</Filter>
    </ClInclude>
    <ClInclude Include="TraceConditionDlg.h">
      <Filter>头文件</Filter>
    </ClInclude>
    <ClInclude Include="TraceEdit.h">
      <Filter>头文件</Filter>
    </ClInclude>
    <ClInclude Include="T.h">
      <Filter>头文件</Filter>
    </ClInclude>
    <ClInclude Include="CPUInfoBox.h">
      <Filter>头文件</Filter>
    </ClInclude>
    <ClInclude Include="GlobalID.h">
      <Filter>头文件</Filter>
    </ClInclude>
    <ClInclude Include="HandlesPane.h">
      <Filter>头文件</Filter>
    </ClInclude>
    <ClInclude Include="HandleTable.h">
      <Filter>头文件</Filter>
    </ClInclude>
    <ClInclude Include="MessagesBPDlg.h">
      <Filter>源文件\Dlg</Filter>
    </ClInclude>
    <ClInclude Include="SearchDlg.h">
      <Filter>源文件\Dlg</Filter>
    </ClInclude>
    <ClInclude Include="TableVessel.h">
      <Filter>头文件</Filter>
    </ClInclude>
    <ClInclude Include="AbstractSearchList.h">
      <Filter>源文件</Filter>
    </ClInclude>
    <ClInclude Include="CloseDlg.h">
      <Filter>头文件</Filter>
    </ClInclude>
    <ClInclude Include="ReferencesPane.h">
      <Filter>头文件</Filter>
    </ClInclude>
    <ClInclude Include="ReferenceTable.h">
      <Filter>头文件</Filter>
    </ClInclude>
    <ClInclude Include="MyTabCtrl.h">
      <Filter>源文件\Utils</Filter>
    </ClInclude>
    <ClInclude Include="ProgressBar.h">
      <Filter>源文件\Utils</Filter>
    </ClInclude>
    <ClInclude Include="MyProgressCtrl.h">
      <Filter>源文件\Utils</Filter>
    </ClInclude>
    <ClInclude Include="MyStatic.h">
      <Filter>源文件\Utils</Filter>
    </ClInclude>
    <ClInclude Include="CmdBar.h">
      <Filter>源文件\Utils</Filter>
    </ClInclude>
    <ClInclude Include="CmdListBox.h">
      <Filter>源文件\Utils</Filter>
    </ClInclude>
    <ClInclude Include="CmdEdit.h">
      <Filter>源文件\Utils</Filter>
    </ClInclude>
    <ClInclude Include="CmdScriptTypeComboBox.h">
      <Filter>源文件\Utils</Filter>
    </ClInclude>
    <ClInclude Include="CTR_DBG2.h">
      <Filter>头文件</Filter>
    </ClInclude>
  </ItemGroup>
  <ItemGroup>
    <ClCompile Include="X.cpp">
      <Filter>源文件</Filter>
    </ClCompile>
    <ClCompile Include="stdafx.cpp">
      <Filter>源文件</Filter>
    </ClCompile>
    <ClCompile Include="MainFrm.cpp">
      <Filter>源文件</Filter>
    </ClCompile>
    <ClCompile Include="ChildView.cpp">
      <Filter>源文件</Filter>
    </ClCompile>
    <ClCompile Include="TrueColorToolBar.cpp">
      <Filter>源文件</Filter>
    </ClCompile>
    <ClCompile Include="MyListCtrl.cpp">
      <Filter>源文件</Filter>
    </ClCompile>
    <ClCompile Include="MyHeaderCtrl.cpp">
      <Filter>源文件</Filter>
    </ClCompile>
    <ClCompile Include="MSMLinksBarButton.cpp">
      <Filter>源文件</Filter>
    </ClCompile>
    <ClCompile Include="AbstractTableView.cpp">
      <Filter>源文件</Filter>
    </ClCompile>
    <ClCompile Include="PeInfoPane.cpp">
      <Filter>源文件</Filter>
    </ClCompile>
    <ClCompile Include="SettingsX.cpp">
      <Filter>源文件</Filter>
    </ClCompile>
    <ClCompile Include="Disassembly.cpp">
      <Filter>源文件</Filter>
    </ClCompile>
    <ClCompile Include="Disassembler\capstone_gui.cpp">
      <Filter>源文件</Filter>
    </ClCompile>
    <ClCompile Include="Disassembler\QBeaEngine.cpp">
      <Filter>源文件</Filter>
    </ClCompile>
    <ClCompile Include="Memory\MemoryPage.cpp">
      <Filter>源文件</Filter>
    </ClCompile>
    <ClCompile Include="CPUSideBar.cpp">
      <Filter>源文件</Filter>
    </ClCompile>
    <ClCompile Include="OutputBox.cpp">
      <Filter>源文件</Filter>
    </ClCompile>
    <ClCompile Include="Breakpoints.cpp">
      <Filter>源文件</Filter>
    </ClCompile>
    <ClCompile Include="DisasmPane.cpp">
      <Filter>源文件</Filter>
    </ClCompile>
    <ClCompile Include="MyStatuBar.cpp">
      <Filter>源文件</Filter>
    </ClCompile>
    <ClCompile Include="MyToolBar.cpp">
      <Filter>源文件</Filter>
    </ClCompile>
    <ClCompile Include="LogPane.cpp">
      <Filter>源文件</Filter>
    </ClCompile>
    <ClCompile Include="MemoryPane.cpp">
      <Filter>源文件</Filter>
    </ClCompile>
    <ClCompile Include="HexDump.cpp">
      <Filter>源文件</Filter>
    </ClCompile>
    <ClCompile Include="CPUDump.cpp">
      <Filter>源文件</Filter>
    </ClCompile>
    <ClCompile Include="CPUStack.cpp">
      <Filter>源文件</Filter>
    </ClCompile>
    <ClCompile Include="CPUStackPane.cpp">
      <Filter>源文件</Filter>
    </ClCompile>
    <ClCompile Include="RegistersPane.cpp">
      <Filter>源文件</Filter>
    </ClCompile>
    <ClCompile Include="RegistersView.cpp">
      <Filter>源文件</Filter>
    </ClCompile>
    <ClCompile Include="DebugThreadClose.cpp">
      <Filter>源文件</Filter>
    </ClCompile>
    <ClCompile Include="MyRecentFileList.cpp">
      <Filter>源文件</Filter>
    </ClCompile>
    <ClCompile Include="BreakPointsManagePane.cpp">
      <Filter>源文件</Filter>
    </ClCompile>
    <ClCompile Include="BreakPointsManage.cpp">
      <Filter>源文件</Filter>
    </ClCompile>
    <ClCompile Include="AbstractStdTable.cpp">
      <Filter>源文件</Filter>
    </ClCompile>
    <ClCompile Include="StdTable.cpp">
      <Filter>源文件</Filter>
    </ClCompile>
    <ClCompile Include="InstructTrace.cpp">
      <Filter>源文件</Filter>
    </ClCompile>
    <ClCompile Include="InstructTracePane.cpp">
      <Filter>源文件</Filter>
    </ClCompile>
    <ClCompile Include="TraceFileReader.cpp">
      <Filter>源文件</Filter>
    </ClCompile>
    <ClCompile Include="cJSON\cJSON.cpp">
      <Filter>源文件\cJSON</Filter>
    </ClCompile>
    <ClCompile Include="AddMsgThread.cpp">
      <Filter>源文件</Filter>
    </ClCompile>
    <ClCompile Include="TraceEdit.cpp">
      <Filter>源文件</Filter>
    </ClCompile>
    <ClCompile Include="Bridge\Bridge.cpp">
      <Filter>源文件\Bridge</Filter>
    </ClCompile>
    <ClCompile Include="Bridge\BridgeResult.cpp">
      <Filter>源文件\Bridge</Filter>
    </ClCompile>
    <ClCompile Include="WordEditDlg.cpp">
      <Filter>源文件\Dlg</Filter>
    </ClCompile>
    <ClCompile Include="TraceConditionDlg.cpp">
      <Filter>源文件\Dlg</Filter>
    </ClCompile>
    <ClCompile Include="OptionDlg.cpp">
      <Filter>源文件\Dlg</Filter>
    </ClCompile>
    <ClCompile Include="InstructTraceBrowserDlg.cpp">
      <Filter>源文件\Dlg</Filter>
    </ClCompile>
    <ClCompile Include="LineEditDlg.cpp">
      <Filter>源文件\Dlg</Filter>
    </ClCompile>
    <ClCompile Include="CPUInfoBox.cpp">
      <Filter>源文件</Filter>
    </ClCompile>
    <ClCompile Include="Utils\Configuration.cpp">
      <Filter>源文件\Utils</Filter>
    </ClCompile>
    <ClCompile Include="Utils\CodeFolding.cpp">
      <Filter>源文件\Utils</Filter>
    </ClCompile>
    <ClCompile Include="Utils\EncodeMap.cpp">
      <Filter>源文件\Utils</Filter>
    </ClCompile>
    <ClCompile Include="MyByteArray.cpp">
      <Filter>源文件\Utils</Filter>
    </ClCompile>
    <ClCompile Include="Utils\StringUtil.cpp">
      <Filter>源文件\Utils</Filter>
    </ClCompile>
    <ClCompile Include="Utils\RichTextPainter.cpp">
      <Filter>源文件\Utils</Filter>
    </ClCompile>
    <ClCompile Include="Utils\MiscUtil.cpp">
      <Filter>源文件\Utils</Filter>
    </ClCompile>
    <ClCompile Include="HandlesPane.cpp">
      <Filter>源文件</Filter>
    </ClCompile>
    <ClCompile Include="HandleTable.cpp">
      <Filter>源文件</Filter>
    </ClCompile>
    <ClCompile Include="MessagesBPDlg.cpp">
      <Filter>源文件\Dlg</Filter>
    </ClCompile>
    <ClCompile Include="SearchDlg.cpp">
      <Filter>源文件\Dlg</Filter>
    </ClCompile>
    <ClCompile Include="TableVessel.cpp">
      <Filter>源文件</Filter>
    </ClCompile>
    <ClCompile Include="CloseDlg.cpp">
      <Filter>源文件\Dlg</Filter>
    </ClCompile>
    <ClCompile Include="ReferencesPane.cpp">
      <Filter>源文件</Filter>
    </ClCompile>
    <ClCompile Include="ReferenceTable.cpp">
      <Filter>源文件</Filter>
    </ClCompile>
    <ClCompile Include="MyTabCtrl.cpp">
      <Filter>源文件\Utils</Filter>
    </ClCompile>
    <ClCompile Include="ProgressBar.cpp">
      <Filter>源文件\Utils</Filter>
    </ClCompile>
    <ClCompile Include="MyProgressCtrl.cpp">
      <Filter>源文件\Utils</Filter>
    </ClCompile>
    <ClCompile Include="MyStatic.cpp">
      <Filter>源文件\Utils</Filter>
    </ClCompile>
    <ClCompile Include="CmdBar.cpp">
      <Filter>源文件\Utils</Filter>
    </ClCompile>
    <ClCompile Include="CmdListBox.cpp">
      <Filter>源文件\Utils</Filter>
    </ClCompile>
    <ClCompile Include="CmdEdit.cpp">
      <Filter>源文件\Utils</Filter>
    </ClCompile>
    <ClCompile Include="CmdScriptTypeComboBox.cpp">
      <Filter>源文件\Utils</Filter>
    </ClCompile>
    <ClCompile Include="CRT_DBG2.cpp">
      <Filter>源文件</Filter>
    </ClCompile>
  </ItemGroup>
  <ItemGroup>
    <ResourceCompile Include="X.rc">
      <Filter>资源文件</Filter>
    </ResourceCompile>
  </ItemGroup>
  <ItemGroup>
    <None Include="res\X.rc2">
      <Filter>资源文件</Filter>
    </None>
    <None Include="ClassDiagram.cd" />
    <None Include="ClassDiagram1.cd" />
  </ItemGroup>
  <ItemGroup>
    <Image Include="res\X.ico">
      <Filter>资源文件</Filter>
    </Image>
    <Image Include="res\Toolbar.bmp">
      <Filter>资源文件</Filter>
    </Image>
    <Image Include="res\normal.bmp">
      <Filter>资源文件</Filter>
    </Image>
    <Image Include="res\hot.bmp">
      <Filter>资源文件</Filter>
    </Image>
    <Image Include="res\disabled.bmp">
      <Filter>资源文件</Filter>
    </Image>
    <Image Include="res\bitmap1.bmp">
      <Filter>资源文件</Filter>
    </Image>
    <Image Include="res\icon1.ico">
      <Filter>资源文件</Filter>
    </Image>
    <Image Include="res\toolbar1.bmp">
      <Filter>资源文件</Filter>
    </Image>
  </ItemGroup>
</Project>